PODS:
  - Alamofire (5.10.2)
  - AppAuth (2.0.0):
    - AppAuth/Core (= 2.0.0)
    - AppAuth/ExternalUserAgent (= 2.0.0)
  - AppAuth/Core (2.0.0)
  - AppAuth/ExternalUserAgent (2.0.0):
    - AppAuth/Core
  - AppCheckCore (11.2.0):
    - GoogleUtilities/Environment (~> 8.0)
    - GoogleUtilities/UserDefaults (~> 8.0)
    - PromisesObjC (~> 2.4)
  - Capacitor (7.4.4):
    - CapacitorCordova
  - CapacitorApp (7.1.1):
    - Capacitor
  - CapacitorCamera (7.0.3):
    - Capacitor
  - CapacitorCommunityAppleSignIn (7.1.0):
    - Capacitor
  - CapacitorCommunityContacts (7.1.0):
    - Capacitor
  - CapacitorCordova (7.4.4)
  - CapacitorFilesystem (7.1.5):
    - Capacitor
    - IONFilesystemLib (~> 1.0.1)
  - CapacitorHaptics (7.0.3):
    - Capacitor
  - CapacitorPushNotifications (7.0.3):
    - Capacitor
  - CapacitorScreenOrientation (7.0.2):
    - Capacitor
  - CapacitorShare (7.0.2):
    - Capacitor
  - CapacitorSplashScreen (7.0.3):
    - Capacitor
  - CapgoCapacitorSocialLogin (7.20.0):
    - Alamofire (~> 5.10.2)
    - Capacitor
    - GoogleSignIn (~> 9.0.0)
  - CapgoNativePurchases (7.15.3):
    - Capacitor
  - GoogleSignIn (9.0.0):
    - AppAuth (~> 2.0)
    - AppCheckCore (~> 11.0)
    - GTMAppAuth (~> 5.0)
    - GTMSessionFetcher/Core (~> 3.3)
  - GoogleUtilities/Environment (8.1.0):
    - GoogleUtilities/Privacy
  - GoogleUtilities/Logger (8.1.0):
    - GoogleUtilities/Environment
    - GoogleUtilities/Privacy
  - GoogleUtilities/Privacy (8.1.0)
  - GoogleUtilities/UserDefaults (8.1.0):
    - GoogleUtilities/Logger
    - GoogleUtilities/Privacy
  - GTMAppAuth (5.0.0):
    - AppAuth/Core (~> 2.0)
    - GTMSessionFetcher/Core (< 4.0, >= 3.3)
  - GTMSessionFetcher/Core (3.5.0)
  - IONFilesystemLib (1.0.1)
  - PromisesObjC (2.4.0)

DEPENDENCIES:
  - "Capacitor (from `../../node_modules/@capacitor/ios`)"
  - "CapacitorApp (from `../../node_modules/@capacitor/app`)"
  - "CapacitorCamera (from `../../node_modules/@capacitor/camera`)"
  - "CapacitorCommunityAppleSignIn (from `../../node_modules/@capacitor-community/apple-sign-in`)"
  - "CapacitorCommunityContacts (from `../../node_modules/@capacitor-community/contacts`)"
  - "CapacitorCordova (from `../../node_modules/@capacitor/ios`)"
  - "CapacitorFilesystem (from `../../node_modules/@capacitor/filesystem`)"
  - "CapacitorHaptics (from `../../node_modules/@capacitor/haptics`)"
  - "CapacitorPushNotifications (from `../../node_modules/@capacitor/push-notifications`)"
  - "CapacitorScreenOrientation (from `../../node_modules/@capacitor/screen-orientation`)"
  - "CapacitorShare (from `../../node_modules/@capacitor/share`)"
  - "CapacitorSplashScreen (from `../../node_modules/@capacitor/splash-screen`)"
  - "CapgoCapacitorSocialLogin (from `../../node_modules/@capgo/capacitor-social-login`)"
  - "CapgoNativePurchases (from `../../node_modules/@capgo/native-purchases`)"
  - IONFilesystemLib (from `../IONFilesystemLib`)

SPEC REPOS:
  trunk:
    - Alamofire
    - AppAuth
    - AppCheckCore
    - GoogleSignIn
    - GoogleUtilities
    - GTMAppAuth
    - GTMSessionFetcher
    - PromisesObjC

EXTERNAL SOURCES:
  Capacitor:
    :path: "../../node_modules/@capacitor/ios"
  CapacitorApp:
    :path: "../../node_modules/@capacitor/app"
  CapacitorCamera:
    :path: "../../node_modules/@capacitor/camera"
  CapacitorCommunityAppleSignIn:
    :path: "../../node_modules/@capacitor-community/apple-sign-in"
  CapacitorCommunityContacts:
    :path: "../../node_modules/@capacitor-community/contacts"
  CapacitorCordova:
    :path: "../../node_modules/@capacitor/ios"
  CapacitorFilesystem:
    :path: "../../node_modules/@capacitor/filesystem"
  CapacitorHaptics:
    :path: "../../node_modules/@capacitor/haptics"
  CapacitorPushNotifications:
    :path: "../../node_modules/@capacitor/push-notifications"
  CapacitorScreenOrientation:
    :path: "../../node_modules/@capacitor/screen-orientation"
  CapacitorShare:
    :path: "../../node_modules/@capacitor/share"
  CapacitorSplashScreen:
    :path: "../../node_modules/@capacitor/splash-screen"
  CapgoCapacitorSocialLogin:
    :path: "../../node_modules/@capgo/capacitor-social-login"
  CapgoNativePurchases:
    :path: "../../node_modules/@capgo/native-purchases"
  IONFilesystemLib:
    :path: "../IONFilesystemLib"

SPEC CHECKSUMS:
  Alamofire: 7193b3b92c74a07f85569e1a6c4f4237291e7496
  AppAuth: 1c1a8afa7e12f2ec3a294d9882dfa5ab7d3cb063
  AppCheckCore: cc8fd0a3a230ddd401f326489c99990b013f0c4f
  Capacitor: 358dd1c3fdd71d969547b17e159fd8a7736cb45f
  CapacitorApp: 63b237168fc869e758481dba283315a85743ee78
  CapacitorCamera: 6746827d82376f31cea9224945c0458c9fd0b0b2
  CapacitorCommunityAppleSignIn: 271cb2860576fd2961508bbfa7a82117d93eadca
  CapacitorCommunityContacts: 35c8d69a138c4019548682a2d4632350b5b94044
  CapacitorCordova: bf648a636f3c153f652d312ae145fb508b6ffced
  CapacitorFilesystem: 609d5cceca1ed93d7f25839dbfdfd224bfe78209
  CapacitorHaptics: ce15be8f287fa2c61c7d2d9e958885b90cf0bebc
  CapacitorPushNotifications: bdd621fbd562be34a41f4a7b1750efa000447d5a
  CapacitorScreenOrientation: e0d5b9ef293b269b8f93373355d5b276f50fabea
  CapacitorShare: be166411fa995ead2d39b104aa0aae56d8615c66
  CapacitorSplashScreen: e388b8e0ed0e982a9d3a40417f478e7a018a8763
  CapgoCapacitorSocialLogin: 27bccb5e6c6f8aaa54af8189dcc9d9fb56073c29
  CapgoNativePurchases: 441f3fae983b1b8930e9955d7579d798cf1a37ee
  GoogleSignIn: c7f09cfbc85a1abf69187be091997c317cc33b77
  GoogleUtilities: 00c88b9a86066ef77f0da2fab05f65d7768ed8e1
  GTMAppAuth: 217a876b249c3c585a54fd6f73e6b58c4f5c4238
  GTMSessionFetcher: 5aea5ba6bd522a239e236100971f10cb71b96ab6
  IONFilesystemLib: e53d0bd6dd0048c17f966bde2be02f017ee0d10c
  PromisesObjC: f5707f49cb48b9636751c5b2e7d227e43fba9f47

PODFILE CHECKSUM: 31c73736d40a4dbe088ab3d722e80bceded1f537

COCOAPODS: 1.16.2
