PODS:
  - Alamofire (5.10.2)
  - AppAuth (2.0.0):
    - AppAuth/Core (= 2.0.0)
    - AppAuth/ExternalUserAgent (= 2.0.0)
  - AppAuth/Core (2.0.0)
  - AppAuth/ExternalUserAgent (2.0.0):
    - AppAuth/Core
  - AppCheckCore (11.2.0):
    - GoogleUtilities/Environment (~> 8.0)
    - GoogleUtilities/UserDefaults (~> 8.0)
    - PromisesObjC (~> 2.4)
  - Capacitor (7.4.4):
    - CapacitorCordova
  - CapacitorCommunityAppleSignIn (7.1.0):
    - Capacitor
  - CapacitorCordova (7.4.4)
  - CapacitorFilesystem (7.1.5):
    - Capacitor
    - IONFilesystemLib (~> 1.0.1)
  - CapacitorPushNotifications (7.0.3):
    - Capacitor
  - CapacitorScreenOrientation (7.0.2):
    - Capacitor
  - CapacitorShare (7.0.2):
    - Capacitor
  - CapacitorSplashScreen (7.0.3):
    - Capacitor
  - CapgoCapacitorSocialLogin (7.20.0):
    - Alamofire (~> 5.10.2)
    - Capacitor
    - GoogleSignIn (~> 9.0.0)
  - CapgoNativePurchases (7.15.3):
    - Capacitor
  - GoogleSignIn (9.0.0):
    - AppAuth (~> 2.0)
    - AppCheckCore (~> 11.0)
    - GTMAppAuth (~> 5.0)
    - GTMSessionFetcher/Core (~> 3.3)
  - GoogleUtilities/Environment (8.1.0):
    - GoogleUtilities/Privacy
  - GoogleUtilities/Logger (8.1.0):
    - GoogleUtilities/Environment
    - GoogleUtilities/Privacy
  - GoogleUtilities/Privacy (8.1.0)
  - GoogleUtilities/UserDefaults (8.1.0):
    - GoogleUtilities/Logger
    - GoogleUtilities/Privacy
  - GTMAppAuth (5.0.0):
    - AppAuth/Core (~> 2.0)
    - GTMSessionFetcher/Core (< 4.0, >= 3.3)
  - GTMSessionFetcher/Core (3.5.0)
  - IONFilesystemLib (1.0.1)
  - PromisesObjC (2.4.0)

DEPENDENCIES:
  - "Capacitor (from `../../node_modules/@capacitor/ios`)"
  - "CapacitorCommunityAppleSignIn (from `../../node_modules/@capacitor-community/apple-sign-in`)"
  - "CapacitorCordova (from `../../node_modules/@capacitor/ios`)"
  - "CapacitorFilesystem (from `../../node_modules/@capacitor/filesystem`)"
  - "CapacitorPushNotifications (from `../../node_modules/@capacitor/push-notifications`)"
  - "CapacitorScreenOrientation (from `../../node_modules/@capacitor/screen-orientation`)"
  - "CapacitorShare (from `../../node_modules/@capacitor/share`)"
  - "CapacitorSplashScreen (from `../../node_modules/@capacitor/splash-screen`)"
  - "CapgoCapacitorSocialLogin (from `../../node_modules/@capgo/capacitor-social-login`)"
  - "CapgoNativePurchases (from `../../node_modules/@capgo/native-purchases`)"
  - IONFilesystemLib (from `../IONFilesystemLib`)

SPEC REPOS:
  trunk:
    - Alamofire
    - AppAuth
    - AppCheckCore
    - GoogleSignIn
    - GoogleUtilities
    - GTMAppAuth
    - GTMSessionFetcher
    - PromisesObjC

EXTERNAL SOURCES:
  Capacitor:
    :path: "../../node_modules/@capacitor/ios"
  CapacitorCommunityAppleSignIn:
    :path: "../../node_modules/@capacitor-community/apple-sign-in"
  CapacitorCordova:
    :path: "../../node_modules/@capacitor/ios"
  CapacitorFilesystem:
    :path: "../../node_modules/@capacitor/filesystem"
  CapacitorPushNotifications:
    :path: "../../node_modules/@capacitor/push-notifications"
  CapacitorScreenOrientation:
    :path: "../../node_modules/@capacitor/screen-orientation"
  CapacitorShare:
    :path: "../../node_modules/@capacitor/share"
  CapacitorSplashScreen:
    :path: "../../node_modules/@capacitor/splash-screen"
  CapgoCapacitorSocialLogin:
    :path: "../../node_modules/@capgo/capacitor-social-login"
  CapgoNativePurchases:
    :path: "../../node_modules/@capgo/native-purchases"
  IONFilesystemLib:
    :path: "../IONFilesystemLib"

SPEC CHECKSUMS:
  Alamofire: 7193b3b92c74a07f85569e1a6c4f4237291e7496
  AppAuth: 1c1a8afa7e12f2ec3a294d9882dfa5ab7d3cb063
  AppCheckCore: cc8fd0a3a230ddd401f326489c99990b013f0c4f
  Capacitor: 09d9ff8e9618e8c4b3cab2bbee34a17215dd2fef
  CapacitorCommunityAppleSignIn: 59bc8ade5677e6ea60a14bdca8d3f4bdc91069e2
  CapacitorCordova: bf648a636f3c153f652d312ae145fb508b6ffced
  CapacitorFilesystem: 2caf7ad6e26d68defef0631b0f09adb09a353f27
  CapacitorPushNotifications: 729ade0d2791ec1969feaf931a15e28d929a6d70
  CapacitorScreenOrientation: f698d08d01a06dfe0b21392f6c6ba522b9f61773
  CapacitorShare: 051c3ceee0ddf3bb54574851a622bbb317eed5bd
  CapacitorSplashScreen: d06ae8804808e9f649a08e7bb7f283c77b688084
  CapgoCapacitorSocialLogin: d26a492b3a58d98df33445d7e4ecc5eb419b8fbc
  CapgoNativePurchases: a78a01337be7209a8f261cf50f43c387d6146f2a
  GoogleSignIn: c7f09cfbc85a1abf69187be091997c317cc33b77
  GoogleUtilities: 00c88b9a86066ef77f0da2fab05f65d7768ed8e1
  GTMAppAuth: 217a876b249c3c585a54fd6f73e6b58c4f5c4238
  GTMSessionFetcher: 5aea5ba6bd522a239e236100971f10cb71b96ab6
  IONFilesystemLib: e53d0bd6dd0048c17f966bde2be02f017ee0d10c
  PromisesObjC: f5707f49cb48b9636751c5b2e7d227e43fba9f47

PODFILE CHECKSUM: e3af680e877d5c4efb5ba2b379aed469aa11b42e

COCOAPODS: 1.16.2
